
Microsoft Visual Studio Solution File, Format Version 12.00
# Visual Studio 2012
Project("{FAE04EC0-301F-11D3-BF4B-00C04F79EFBC}") = "SharpeRatioProject", "SharpeRatioProject\SharpeRatioProject.csproj", "{58F2D5C6-332A-4A9F-AF8D-9F889C1E22FE}"
EndProject
Global
	GlobalSection(SolutionConfigurationPlatforms) = preSolution
		Debug|Any CPU = Debug|Any CPU
		Release|Any CPU = Release|Any CPU
	EndGlobalSection
	GlobalSection(ProjectConfigurationPlatforms) = postSolution
		{58F2D5C6-332A-4A9F-AF8D-9F889C1E22FE}.Debug|Any CPU.ActiveCfg = Debug|Any CPU
		{58F2D5C6-332A-4A9F-AF8D-9F889C1E22FE}.Debug|Any CPU.Build.0 = Debug|Any CPU
		{58F2D5C6-332A-4A9F-AF8D-9F889C1E22FE}.Release|Any CPU.ActiveCfg = Release|Any CPU
		{58F2D5C6-332A-4A9F-AF8D-9F889C1E22FE}.Release|Any CPU.Build.0 = Release|Any CPU
	EndGlobalSection
	GlobalSection(SolutionProperties) = preSolution
		HideSolutionNode = FALSE
	EndGlobalSection
EndGlobal
